
Microsoft Visual Studio Solution File, Format Version 12.00
# Visual Studio Version 17
VisualStudioVersion = 17.14.36202.13
MinimumVisualStudioVersion = 10.0.40219.1
Project("{FAE04EC0-301F-11D3-BF4B-00C04F79EFBC}") = "Almacenes", "Almacenes.csproj", "{887CBA41-EEC7-44C0-903D-E7474859BA65}"
EndProject
Project("{FAE04EC0-301F-11D3-BF4B-00C04F79EFBC}") = "DB", "..\DB\DB.csproj", "{9C78C86D-1B25-42A6-83D5-CCF2D2F8F2F3}"
EndProject
Project("{FAE04EC0-301F-11D3-BF4B-00C04F79EFBC}") = "Repository", "..\Repository\Repository.csproj", "{A8F50619-CB7F-407A-B983-522D02C2A642}"
EndProject
Project("{FAE04EC0-301F-11D3-BF4B-00C04F79EFBC}") = "Service", "..\Service\Service.csproj", "{DCED427A-B814-41DC-8842-0778883D1701}"
EndProject
Global
	GlobalSection(SolutionConfigurationPlatforms) = preSolution
		Debug|Any CPU = Debug|Any CPU
		Release|Any CPU = Release|Any CPU
	EndGlobalSection
	GlobalSection(ProjectConfigurationPlatforms) = postSolution
		{887CBA41-EEC7-44C0-903D-E7474859BA65}.Debug|Any CPU.ActiveCfg = Debug|Any CPU
		{887CBA41-EEC7-44C0-903D-E7474859BA65}.Debug|Any CPU.Build.0 = Debug|Any CPU
		{887CBA41-EEC7-44C0-903D-E7474859BA65}.Release|Any CPU.ActiveCfg = Release|Any CPU
		{887CBA41-EEC7-44C0-903D-E7474859BA65}.Release|Any CPU.Build.0 = Release|Any CPU
		{9C78C86D-1B25-42A6-83D5-CCF2D2F8F2F3}.Debug|Any CPU.ActiveCfg = Debug|Any CPU
		{9C78C86D-1B25-42A6-83D5-CCF2D2F8F2F3}.Debug|Any CPU.Build.0 = Debug|Any CPU
		{9C78C86D-1B25-42A6-83D5-CCF2D2F8F2F3}.Release|Any CPU.ActiveCfg = Release|Any CPU
		{9C78C86D-1B25-42A6-83D5-CCF2D2F8F2F3}.Release|Any CPU.Build.0 = Release|Any CPU
		{A8F50619-CB7F-407A-B983-522D02C2A642}.Debug|Any CPU.ActiveCfg = Debug|Any CPU
		{A8F50619-CB7F-407A-B983-522D02C2A642}.Debug|Any CPU.Build.0 = Debug|Any CPU
		{A8F50619-CB7F-407A-B983-522D02C2A642}.Release|Any CPU.ActiveCfg = Release|Any CPU
		{A8F50619-CB7F-407A-B983-522D02C2A642}.Release|Any CPU.Build.0 = Release|Any CPU
		{DCED427A-B814-41DC-8842-0778883D1701}.Debug|Any CPU.ActiveCfg = Debug|Any CPU
		{DCED427A-B814-41DC-8842-0778883D1701}.Debug|Any CPU.Build.0 = Debug|Any CPU
		{DCED427A-B814-41DC-8842-0778883D1701}.Release|Any CPU.ActiveCfg = Release|Any CPU
		{DCED427A-B814-41DC-8842-0778883D1701}.Release|Any CPU.Build.0 = Release|Any CPU
	EndGlobalSection
	GlobalSection(SolutionProperties) = preSolution
		HideSolutionNode = FALSE
	EndGlobalSection
	GlobalSection(ExtensibilityGlobals) = postSolution
		SolutionGuid = {AA95529D-5155-43C4-A321-2B3DCE54AB05}
	EndGlobalSection
EndGlobal
